// !$*UTF8*$!
{
	archiveVersion = 1;
	classes = {
	};
	objectVersion = 56;
	objects = {

/* Begin PBXBuildFile section */
		34D4C17C2B7E58C0009194B3 /* MakerView.swift in Sources */ = {isa = PBXBuildFile; fileRef = 34D4C17B2B7E58C0009194B3 /* MakerView.swift */; };
		34D4C17E2B7E5BAC009194B3 /* SignUpViewController.swift in Sources */ = {isa = PBXBuildFile; fileRef = 34D4C17D2B7E5BAC009194B3 /* SignUpViewController.swift */; };
		34D4C1802B7E60D9009194B3 /* SecondFillView.swift in Sources */ = {isa = PBXBuildFile; fileRef = 34D4C17F2B7E60D9009194B3 /* SecondFillView.swift */; };
		34D4C1822B7EADFC009194B3 /* NewPasswordController.swift in Sources */ = {isa = PBXBuildFile; fileRef = 34D4C1812B7EADFC009194B3 /* NewPasswordController.swift */; };
		34D4C1842B7EB3DD009194B3 /* thirdFillView.swift in Sources */ = {isa = PBXBuildFile; fileRef = 34D4C1832B7EB3DD009194B3 /* thirdFillView.swift */; };
		34ECE60A2B7A800A00443FDA /* AppDelegate.swift in Sources */ = {isa = PBXBuildFile; fileRef = 34ECE6092B7A800A00443FDA /* AppDelegate.swift */; };
		34ECE60C2B7A800A00443FDA /* SceneDelegate.swift in Sources */ = {isa = PBXBuildFile; fileRef = 34ECE60B2B7A800A00443FDA /* SceneDelegate.swift */; };
		34ECE60E2B7A800A00443FDA /* ViewController.swift in Sources */ = {isa = PBXBuildFile; fileRef = 34ECE60D2B7A800A00443FDA /* ViewController.swift */; };
		34ECE6132B7A800B00443FDA /* Assets.xcassets in Resources */ = {isa = PBXBuildFile; fileRef = 34ECE6122B7A800B00443FDA /* Assets.xcassets */; };
		34ECE6162B7A800B00443FDA /* LaunchScreen.storyboard in Resources */ = {isa = PBXBuildFile; fileRef = 34ECE6142B7A800B00443FDA /* LaunchScreen.storyboard */; };
		34ECE6212B7A871100443FDA /* ImageView.swift in Sources */ = {isa = PBXBuildFile; fileRef = 34ECE6202B7A871100443FDA /* ImageView.swift */; };
		34ECE6232B7A916C00443FDA /* FillView.swift in Sources */ = {isa = PBXBuildFile; fileRef = 34ECE6222B7A916C00443FDA /* FillView.swift */; };
		34ECE6272B7AD63E00443FDA /* SuccessViewController.swift in Sources */ = {isa = PBXBuildFile; fileRef = 34ECE6262B7AD63E00443FDA /* SuccessViewController.swift */; };
/* End PBXBuildFile section */

/* Begin PBXFileReference section */
		34D4C17B2B7E58C0009194B3 /* MakerView.swift */ = {isa = PBXFileReference; lastKnownFileType = sourcecode.swift; path = MakerView.swift; sourceTree = "<group>"; };
		34D4C17D2B7E5BAC009194B3 /* SignUpViewController.swift */ = {isa = PBXFileReference; lastKnownFileType = sourcecode.swift; path = SignUpViewController.swift; sourceTree = "<group>"; };
		34D4C17F2B7E60D9009194B3 /* SecondFillView.swift */ = {isa = PBXFileReference; lastKnownFileType = sourcecode.swift; path = SecondFillView.swift; sourceTree = "<group>"; };
		34D4C1812B7EADFC009194B3 /* NewPasswordController.swift */ = {isa = PBXFileReference; lastKnownFileType = sourcecode.swift; path = NewPasswordController.swift; sourceTree = "<group>"; };
		34D4C1832B7EB3DD009194B3 /* thirdFillView.swift */ = {isa = PBXFileReference; lastKnownFileType = sourcecode.swift; path = thirdFillView.swift; sourceTree = "<group>"; };
		34ECE6062B7A800A00443FDA /* 4hw1design.app */ = {isa = PBXFileReference; explicitFileType = wrapper.application; includeInIndex = 0; path = 4hw1design.app; sourceTree = BUILT_PRODUCTS_DIR; };
		34ECE6092B7A800A00443FDA /* AppDelegate.swift */ = {isa = PBXFileReference; lastKnownFileType = sourcecode.swift; path = AppDelegate.swift; sourceTree = "<group>"; };
		34ECE60B2B7A800A00443FDA /* SceneDelegate.swift */ = {isa = PBXFileReference; lastKnownFileType = sourcecode.swift; path = SceneDelegate.swift; sourceTree = "<group>"; };
		34ECE60D2B7A800A00443FDA /* ViewController.swift */ = {isa = PBXFileReference; lastKnownFileType = sourcecode.swift; path = ViewController.swift; sourceTree = "<group>"; };
		34ECE6122B7A800B00443FDA /* Assets.xcassets */ = {isa = PBXFileReference; lastKnownFileType = folder.assetcatalog; path = Assets.xcassets; sourceTree = "<group>"; };
		34ECE6152B7A800B00443FDA /* Base */ = {isa = PBXFileReference; lastKnownFileType = file.storyboard; name = Base; path = Base.lproj/LaunchScreen.storyboard; sourceTree = "<group>"; };
		34ECE6172B7A800B00443FDA /* Info.plist */ = {isa = PBXFileReference; lastKnownFileType = text.plist.xml; path = Info.plist; sourceTree = "<group>"; };
		34ECE6202B7A871100443FDA /* ImageView.swift */ = {isa = PBXFileReference; lastKnownFileType = sourcecode.swift; path = ImageView.swift; sourceTree = "<group>"; };
		34ECE6222B7A916C00443FDA /* FillView.swift */ = {isa = PBXFileReference; lastKnownFileType = sourcecode.swift; path = FillView.swift; sourceTree = "<group>"; };
		34ECE6262B7AD63E00443FDA /* SuccessViewController.swift */ = {isa = PBXFileReference; lastKnownFileType = sourcecode.swift; path = SuccessViewController.swift; sourceTree = "<group>"; };
/* End PBXFileReference section */

/* Begin PBXFrameworksBuildPhase section */
		34ECE6032B7A800A00443FDA /* Frameworks */ = {
			isa = PBXFrameworksBuildPhase;
			buildActionMask = 2147483647;
			files = (
			);
			runOnlyForDeploymentPostprocessing = 0;
		};
/* End PBXFrameworksBuildPhase section */

/* Begin PBXGroup section */
		34ECE5FD2B7A800A00443FDA = {
			isa = PBXGroup;
			children = (
				34ECE6082B7A800A00443FDA /* 4hw1design */,
				34ECE6072B7A800A00443FDA /* Products */,
			);
			sourceTree = "<group>";
		};
		34ECE6072B7A800A00443FDA /* Products */ = {
			isa = PBXGroup;
			children = (
				34ECE6062B7A800A00443FDA /* 4hw1design.app */,
			);
			name = Products;
			sourceTree = "<group>";
		};
		34ECE6082B7A800A00443FDA /* 4hw1design */ = {
			isa = PBXGroup;
			children = (
				34ECE61D2B7A826D00443FDA /* Application */,
				34ECE6292B7ADFA400443FDA /* View */,
				34ECE61F2B7A85A000443FDA /* Resources */,
				34ECE6172B7A800B00443FDA /* Info.plist */,
			);
			path = 4hw1design;
			sourceTree = "<group>";
		};
		34ECE61D2B7A826D00443FDA /* Application */ = {
			isa = PBXGroup;
			children = (
				34ECE60B2B7A800A00443FDA /* SceneDelegate.swift */,
				34ECE6092B7A800A00443FDA /* AppDelegate.swift */,
			);
			path = Application;
			sourceTree = "<group>";
		};
		34ECE61E2B7A82F200443FDA /* Views */ = {
			isa = PBXGroup;
			children = (
				34ECE6202B7A871100443FDA /* ImageView.swift */,
				34ECE6222B7A916C00443FDA /* FillView.swift */,
				34D4C17F2B7E60D9009194B3 /* SecondFillView.swift */,
				34D4C1832B7EB3DD009194B3 /* thirdFillView.swift */,
				34D4C17B2B7E58C0009194B3 /* MakerView.swift */,
			);
			path = Views;
			sourceTree = "<group>";
		};
		34ECE61F2B7A85A000443FDA /* Resources */ = {
			isa = PBXGroup;
			children = (
				34ECE6142B7A800B00443FDA /* LaunchScreen.storyboard */,
				34ECE6122B7A800B00443FDA /* Assets.xcassets */,
			);
			path = Resources;
			sourceTree = "<group>";
		};
		34ECE6282B7ADF6300443FDA /* Modules */ = {
			isa = PBXGroup;
			children = (
				34ECE60D2B7A800A00443FDA /* ViewController.swift */,
				34D4C17D2B7E5BAC009194B3 /* SignUpViewController.swift */,
				34D4C1812B7EADFC009194B3 /* NewPasswordController.swift */,
				34ECE6262B7AD63E00443FDA /* SuccessViewController.swift */,
			);
			path = Modules;
			sourceTree = "<group>";
		};
		34ECE6292B7ADFA400443FDA /* View */ = {
			isa = PBXGroup;
			children = (
				34ECE6282B7ADF6300443FDA /* Modules */,
				34ECE61E2B7A82F200443FDA /* Views */,
			);
			path = View;
			sourceTree = "<group>";
		};
/* End PBXGroup section */

/* Begin PBXNativeTarget section */
		34ECE6052B7A800A00443FDA /* 4hw1design */ = {
			isa = PBXNativeTarget;
			buildConfigurationList = 34ECE61A2B7A800B00443FDA /* Build configuration list for PBXNativeTarget "4hw1design" */;
			buildPhases = (
				34ECE6022B7A800A00443FDA /* Sources */,
				34ECE6032B7A800A00443FDA /* Frameworks */,
				34ECE6042B7A800A00443FDA /* Resources */,
			);
			buildRules = (
			);
			dependencies = (
			);
			name = 4hw1design;
			productName = 4hw1design;
			productReference = 34ECE6062B7A800A00443FDA /* 4hw1design.app */;
			productType = "com.apple.product-type.application";
		};
/* End PBXNativeTarget section */

/* Begin PBXProject section */
		34ECE5FE2B7A800A00443FDA /* Project object */ = {
			isa = PBXProject;
			attributes = {
				BuildIndependentTargetsInParallel = 1;
				LastSwiftUpdateCheck = 1500;
				LastUpgradeCheck = 1500;
				TargetAttributes = {
					34ECE6052B7A800A00443FDA = {
						CreatedOnToolsVersion = 15.0.1;
					};
				};
			};
			buildConfigurationList = 34ECE6012B7A800A00443FDA /* Build configuration list for PBXProject "4hw1design" */;
			compatibilityVersion = "Xcode 14.0";
			developmentRegion = en;
			hasScannedForEncodings = 0;
			knownRegions = (
				en,
				Base,
			);
			mainGroup = 34ECE5FD2B7A800A00443FDA;
			productRefGroup = 34ECE6072B7A800A00443FDA /* Products */;
			projectDirPath = "";
			projectRoot = "";
			targets = (
				34ECE6052B7A800A00443FDA /* 4hw1design */,
			);
		};
/* End PBXProject section */

/* Begin PBXResourcesBuildPhase section */
		34ECE6042B7A800A00443FDA /* Resources */ = {
			isa = PBXResourcesBuildPhase;
			buildActionMask = 2147483647;
			files = (
				34ECE6162B7A800B00443FDA /* LaunchScreen.storyboard in Resources */,
				34ECE6132B7A800B00443FDA /* Assets.xcassets in Resources */,
			);
			runOnlyForDeploymentPostprocessing = 0;
		};
/* End PBXResourcesBuildPhase section */

/* Begin PBXSourcesBuildPhase section */
		34ECE6022B7A800A00443FDA /* Sources */ = {
			isa = PBXSourcesBuildPhase;
			buildActionMask = 2147483647;
			files = (
				34ECE6212B7A871100443FDA /* ImageView.swift in Sources */,
				34ECE60E2B7A800A00443FDA /* ViewController.swift in Sources */,
				34D4C17E2B7E5BAC009194B3 /* SignUpViewController.swift in Sources */,
				34ECE60A2B7A800A00443FDA /* AppDelegate.swift in Sources */,
				34ECE60C2B7A800A00443FDA /* SceneDelegate.swift in Sources */,
				34ECE6272B7AD63E00443FDA /* SuccessViewController.swift in Sources */,
				34ECE6232B7A916C00443FDA /* FillView.swift in Sources */,
				34D4C1822B7EADFC009194B3 /* NewPasswordController.swift in Sources */,
				34D4C1842B7EB3DD009194B3 /* thirdFillView.swift in Sources */,
				34D4C17C2B7E58C0009194B3 /* MakerView.swift in Sources */,
				34D4C1802B7E60D9009194B3 /* SecondFillView.swift in Sources */,
			);
			runOnlyForDeploymentPostprocessing = 0;
		};
/* End PBXSourcesBuildPhase section */

/* Begin PBXVariantGroup section */
		34ECE6142B7A800B00443FDA /* LaunchScreen.storyboard */ = {
			isa = PBXVariantGroup;
			children = (
				34ECE6152B7A800B00443FDA /* Base */,
			);
			name = LaunchScreen.storyboard;
			sourceTree = "<group>";
		};
/* End PBXVariantGroup section */

/* Begin XCBuildConfiguration section */
		34ECE6182B7A800B00443FDA /* Debug */ = {
			isa = XCBuildConfiguration;
			buildSettings = {
				ALWAYS_SEARCH_USER_PATHS = NO;
				ASSETCATALOG_COMPILER_GENERATE_SWIFT_ASSET_SYMBOL_EXTENSIONS = YES;
				CLANG_ANALYZER_NONNULL = YES;
				CLANG_ANALYZER_NUMBER_OBJECT_CONVERSION = YES_AGGRESSIVE;
				CLANG_CXX_LANGUAGE_STANDARD = "gnu++20";
				CLANG_ENABLE_MODULES = YES;
				CLANG_ENABLE_OBJC_ARC = YES;
				CLANG_ENABLE_OBJC_WEAK = YES;
				CLANG_WARN_BLOCK_CAPTURE_AUTORELEASING = YES;
				CLANG_WARN_BOOL_CONVERSION = YES;
				CLANG_WARN_COMMA = YES;
				CLANG_WARN_CONSTANT_CONVERSION = YES;
				CLANG_WARN_DEPRECATED_OBJC_IMPLEMENTATIONS = YES;
				CLANG_WARN_DIRECT_OBJC_ISA_USAGE = YES_ERROR;
				CLANG_WARN_DOCUMENTATION_COMMENTS = YES;
				CLANG_WARN_EMPTY_BODY = YES;
				CLANG_WARN_ENUM_CONVERSION = YES;
				CLANG_WARN_INFINITE_RECURSION = YES;
				CLANG_WARN_INT_CONVERSION = YES;
				CLANG_WARN_NON_LITERAL_NULL_CONVERSION = YES;
				CLANG_WARN_OBJC_IMPLICIT_RETAIN_SELF = YES;
				CLANG_WARN_OBJC_LITERAL_CONVERSION = YES;
				CLANG_WARN_OBJC_ROOT_CLASS = YES_ERROR;
				CLANG_WARN_QUOTED_INCLUDE_IN_FRAMEWORK_HEADER = YES;
				CLANG_WARN_RANGE_LOOP_ANALYSIS = YES;
				CLANG_WARN_STRICT_PROTOTYPES = YES;
				CLANG_WARN_SUSPICIOUS_MOVE = YES;
				CLANG_WARN_UNGUARDED_AVAILABILITY = YES_AGGRESSIVE;
				CLANG_WARN_UNREACHABLE_CODE = YES;
				CLANG_WARN__DUPLICATE_METHOD_MATCH = YES;
				COPY_PHASE_STRIP = NO;
				DEBUG_INFORMATION_FORMAT = dwarf;
				ENABLE_STRICT_OBJC_MSGSEND = YES;
				ENABLE_TESTABILITY = YES;
				ENABLE_USER_SCRIPT_SANDBOXING = YES;
				GCC_C_LANGUAGE_STANDARD = gnu17;
				GCC_DYNAMIC_NO_PIC = NO;
				GCC_NO_COMMON_BLOCKS = YES;
				GCC_OPTIMIZATION_LEVEL = 0;
				GCC_PREPROCESSOR_DEFINITIONS = (
					"DEBUG=1",
					"$(inherited)",
				);
				GCC_WARN_64_TO_32_BIT_CONVERSION = YES;
				GCC_WARN_ABOUT_RETURN_TYPE = YES_ERROR;
				GCC_WARN_UNDECLARED_SELECTOR = YES;
				GCC_WARN_UNINITIALIZED_AUTOS = YES_AGGRESSIVE;
				GCC_WARN_UNUSED_FUNCTION = YES;
				GCC_WARN_UNUSED_VARIABLE = YES;
				IPHONEOS_DEPLOYMENT_TARGET = 17.0;
				LOCALIZATION_PREFERS_STRING_CATALOGS = YES;
				MTL_ENABLE_DEBUG_INFO = INCLUDE_SOURCE;
				MTL_FAST_MATH = YES;
				ONLY_ACTIVE_ARCH = YES;
				SDKROOT = iphoneos;
				SWIFT_ACTIVE_COMPILATION_CONDITIONS = "DEBUG $(inherited)";
				SWIFT_OPTIMIZATION_LEVEL = "-Onone";
			};
			name = Debug;
		};
		34ECE6192B7A800B00443FDA /* Release */ = {
			isa = XCBuildConfiguration;
			buildSettings = {
				ALWAYS_SEARCH_USER_PATHS = NO;
				ASSETCATALOG_COMPILER_GENERATE_SWIFT_ASSET_SYMBOL_EXTENSIONS = YES;
				CLANG_ANALYZER_NONNULL = YES;
				CLANG_ANALYZER_NUMBER_OBJECT_CONVERSION = YES_AGGRESSIVE;
				CLANG_CXX_LANGUAGE_STANDARD = "gnu++20";
				CLANG_ENABLE_MODULES = YES;
				CLANG_ENABLE_OBJC_ARC = YES;
				CLANG_ENABLE_OBJC_WEAK = YES;
				CLANG_WARN_BLOCK_CAPTURE_AUTORELEASING = YES;
				CLANG_WARN_BOOL_CONVERSION = YES;
				CLANG_WARN_COMMA = YES;
				CLANG_WARN_CONSTANT_CONVERSION = YES;
				CLANG_WARN_DEPRECATED_OBJC_IMPLEMENTATIONS = YES;
				CLANG_WARN_DIRECT_OBJC_ISA_USAGE = YES_ERROR;
				CLANG_WARN_DOCUMENTATION_COMMENTS = YES;
				CLANG_WARN_EMPTY_BODY = YES;
				CLANG_WARN_ENUM_CONVERSION = YES;
				CLANG_WARN_INFINITE_RECURSION = YES;
				CLANG_WARN_INT_CONVERSION = YES;
				CLANG_WARN_NON_LITERAL_NULL_CONVERSION = YES;
				CLANG_WARN_OBJC_IMPLICIT_RETAIN_SELF = YES;
				CLANG_WARN_OBJC_LITERAL_CONVERSION = YES;
				CLANG_WARN_OBJC_ROOT_CLASS = YES_ERROR;
				CLANG_WARN_QUOTED_INCLUDE_IN_FRAMEWORK_HEADER = YES;
				CLANG_WARN_RANGE_LOOP_ANALYSIS = YES;
				CLANG_WARN_STRICT_PROTOTYPES = YES;
				CLANG_WARN_SUSPICIOUS_MOVE = YES;
				CLANG_WARN_UNGUARDED_AVAILABILITY = YES_AGGRESSIVE;
				CLANG_WARN_UNREACHABLE_CODE = YES;
				CLANG_WARN__DUPLICATE_METHOD_MATCH = YES;
				COPY_PHASE_STRIP = NO;
				DEBUG_INFORMATION_FORMAT = "dwarf-with-dsym";
				ENABLE_NS_ASSERTIONS = NO;
				ENABLE_STRICT_OBJC_MSGSEND = YES;
				ENABLE_USER_SCRIPT_SANDBOXING = YES;
				GCC_C_LANGUAGE_STANDARD = gnu17;
				GCC_NO_COMMON_BLOCKS = YES;
				GCC_WARN_64_TO_32_BIT_CONVERSION = YES;
				GCC_WARN_ABOUT_RETURN_TYPE = YES_ERROR;
				GCC_WARN_UNDECLARED_SELECTOR = YES;
				GCC_WARN_UNINITIALIZED_AUTOS = YES_AGGRESSIVE;
				GCC_WARN_UNUSED_FUNCTION = YES;
				GCC_WARN_UNUSED_VARIABLE = YES;
				IPHONEOS_DEPLOYMENT_TARGET = 17.0;
				LOCALIZATION_PREFERS_STRING_CATALOGS = YES;
				MTL_ENABLE_DEBUG_INFO = NO;
				MTL_FAST_MATH = YES;
				SDKROOT = iphoneos;
				SWIFT_COMPILATION_MODE = wholemodule;
				VALIDATE_PRODUCT = YES;
			};
			name = Release;
		};
		34ECE61B2B7A800B00443FDA /* Debug */ = {
			isa = XCBuildConfiguration;
			buildSettings = {
				ASSETCATALOG_COMPILER_APPICON_NAME = AppIcon;
				ASSETCATALOG_COMPILER_GLOBAL_ACCENT_COLOR_NAME = AccentColor;
				CODE_SIGN_STYLE = Automatic;
				CURRENT_PROJECT_VERSION = 1;
				DEVELOPMENT_TEAM = LW4WS2JJ5L;
				GENERATE_INFOPLIST_FILE = YES;
				INFOPLIST_FILE = 4hw1design/Info.plist;
				INFOPLIST_KEY_UIApplicationSupportsIndirectInputEvents = YES;
				INFOPLIST_KEY_UILaunchStoryboardName = LaunchScreen;
				INFOPLIST_KEY_UISupportedInterfaceOrientations_iPad = "UIInterfaceOrientationPortrait UIInterfaceOrientationPortraitUpsideDown UIInterfaceOrientationLandscapeLeft UIInterfaceOrientationLandscapeRight";
				INFOPLIST_KEY_UISupportedInterfaceOrientations_iPhone = "UIInterfaceOrientationPortrait UIInterfaceOrientationLandscapeLeft UIInterfaceOrientationLandscapeRight";
				LD_RUNPATH_SEARCH_PATHS = (
					"$(inherited)",
					"@executable_path/Frameworks",
				);
				MARKETING_VERSION = 1.0;
				PRODUCT_BUNDLE_IDENTIFIER = "com.zhamilia.-hw1design";
				PRODUCT_NAME = "$(TARGET_NAME)";
				SWIFT_EMIT_LOC_STRINGS = YES;
				SWIFT_VERSION = 5.0;
				TARGETED_DEVICE_FAMILY = "1,2";
			};
			name = Debug;
		};
		34ECE61C2B7A800B00443FDA /* Release */ = {
			isa = XCBuildConfiguration;
			buildSettings = {
				ASSETCATALOG_COMPILER_APPICON_NAME = AppIcon;
				ASSETCATALOG_COMPILER_GLOBAL_ACCENT_COLOR_NAME = AccentColor;
				CODE_SIGN_STYLE = Automatic;
				CURRENT_PROJECT_VERSION = 1;
				DEVELOPMENT_TEAM = LW4WS2JJ5L;
				GENERATE_INFOPLIST_FILE = YES;
				INFOPLIST_FILE = 4hw1design/Info.plist;
				INFOPLIST_KEY_UIApplicationSupportsIndirectInputEvents = YES;
				INFOPLIST_KEY_UILaunchStoryboardName = LaunchScreen;
				INFOPLIST_KEY_UISupportedInterfaceOrientations_iPad = "UIInterfaceOrientationPortrait UIInterfaceOrientationPortraitUpsideDown UIInterfaceOrientationLandscapeLeft UIInterfaceOrientationLandscapeRight";
				INFOPLIST_KEY_UISupportedInterfaceOrientations_iPhone = "UIInterfaceOrientationPortrait UIInterfaceOrientationLandscapeLeft UIInterfaceOrientationLandscapeRight";
				LD_RUNPATH_SEARCH_PATHS = (
					"$(inherited)",
					"@executable_path/Frameworks",
				);
				MARKETING_VERSION = 1.0;
				PRODUCT_BUNDLE_IDENTIFIER = "com.zhamilia.-hw1design";
				PRODUCT_NAME = "$(TARGET_NAME)";
				SWIFT_EMIT_LOC_STRINGS = YES;
				SWIFT_VERSION = 5.0;
				TARGETED_DEVICE_FAMILY = "1,2";
			};
			name = Release;
		};
/* End XCBuildConfiguration section */

/* Begin XCConfigurationList section */
		34ECE6012B7A800A00443FDA /* Build configuration list for PBXProject "4hw1design" */ = {
			isa = XCConfigurationList;
			buildConfigurations = (
				34ECE6182B7A800B00443FDA /* Debug */,
				34ECE6192B7A800B00443FDA /* Release */,
			);
			defaultConfigurationIsVisible = 0;
			defaultConfigurationName = Release;
		};
		34ECE61A2B7A800B00443FDA /* Build configuration list for PBXNativeTarget "4hw1design" */ = {
			isa = XCConfigurationList;
			buildConfigurations = (
				34ECE61B2B7A800B00443FDA /* Debug */,
				34ECE61C2B7A800B00443FDA /* Release */,
			);
			defaultConfigurationIsVisible = 0;
			defaultConfigurationName = Release;
		};
/* End XCConfigurationList section */
	};
	rootObject = 34ECE5FE2B7A800A00443FDA /* Project object */;
}
